
Microsoft Visual Studio Solution File, Format Version 12.00
# Visual Studio Version 16
VisualStudioVersion = 16.0.29609.76
MinimumVisualStudioVersion = 10.0.40219.1
Project("{9A19103F-16F7-4668-BE54-9A1E7A4F7556}") = "TestAssignment.AddressBook.Service", "TestAssignment.AddressBook.Service\TestAssignment.AddressBook.Service.csproj", "{0E0E3257-9D8F-485F-9DFF-E17058DCE892}"
EndProject
Project("{9A19103F-16F7-4668-BE54-9A1E7A4F7556}") = "TestAssignment.AddressBook.Client", "TestAssignment.AddressBook.Client\TestAssignment.AddressBook.Client.csproj", "{D86C28DB-FD26-496B-AB5A-B75F06D55C4B}"
EndProject
Project("{FAE04EC0-301F-11D3-BF4B-00C04F79EFBC}") = "TestAssignment.AddressBook.Ui", "TestAssignment.AddressBook.Ui\TestAssignment.AddressBook.Ui.csproj", "{3E7B27FF-CAB7-40F7-8CE2-5D7E3537AB9B}"
EndProject
Global
	GlobalSection(SolutionConfigurationPlatforms) = preSolution
		Debug|Any CPU = Debug|Any CPU
		Release|Any CPU = Release|Any CPU
	EndGlobalSection
	GlobalSection(ProjectConfigurationPlatforms) = postSolution
		{0E0E3257-9D8F-485F-9DFF-E17058DCE892}.Debug|Any CPU.ActiveCfg = Debug|Any CPU
		{0E0E3257-9D8F-485F-9DFF-E17058DCE892}.Debug|Any CPU.Build.0 = Debug|Any CPU
		{0E0E3257-9D8F-485F-9DFF-E17058DCE892}.Release|Any CPU.ActiveCfg = Release|Any CPU
		{0E0E3257-9D8F-485F-9DFF-E17058DCE892}.Release|Any CPU.Build.0 = Release|Any CPU
		{D86C28DB-FD26-496B-AB5A-B75F06D55C4B}.Debug|Any CPU.ActiveCfg = Debug|Any CPU
		{D86C28DB-FD26-496B-AB5A-B75F06D55C4B}.Debug|Any CPU.Build.0 = Debug|Any CPU
		{D86C28DB-FD26-496B-AB5A-B75F06D55C4B}.Release|Any CPU.ActiveCfg = Release|Any CPU
		{D86C28DB-FD26-496B-AB5A-B75F06D55C4B}.Release|Any CPU.Build.0 = Release|Any CPU
		{3E7B27FF-CAB7-40F7-8CE2-5D7E3537AB9B}.Debug|Any CPU.ActiveCfg = Debug|Any CPU
		{3E7B27FF-CAB7-40F7-8CE2-5D7E3537AB9B}.Debug|Any CPU.Build.0 = Debug|Any CPU
		{3E7B27FF-CAB7-40F7-8CE2-5D7E3537AB9B}.Release|Any CPU.ActiveCfg = Release|Any CPU
		{3E7B27FF-CAB7-40F7-8CE2-5D7E3537AB9B}.Release|Any CPU.Build.0 = Release|Any CPU
	EndGlobalSection
	GlobalSection(SolutionProperties) = preSolution
		HideSolutionNode = FALSE
	EndGlobalSection
	GlobalSection(ExtensibilityGlobals) = postSolution
		SolutionGuid = {DF6E65EA-1576-4D73-ABD0-16C8BC5FE3CB}
	EndGlobalSection
EndGlobal
